
Microsoft Visual Studio Solution File, Format Version 12.00
# Visual Studio 15
VisualStudioVersion = 15.0.28307.489
MinimumVisualStudioVersion = 10.0.40219.1
Project("{E24C65DC-7377-472B-9ABA-BC803B73C61A}") = "Lab02", "Lab02\", "{057F6BD8-9166-4207-8998-3E1ACE3FA465}"
	ProjectSection(WebsiteProperties) = preProject
		TargetFrameworkMoniker = ".NETFramework,Version%3Dv4.6.1"
		Debug.AspNetCompiler.VirtualPath = "/localhost_64164"
		Debug.AspNetCompiler.PhysicalPath = "Lab02\"
		Debug.AspNetCompiler.TargetPath = "PrecompiledWeb\localhost_64164\"
		Debug.AspNetCompiler.Updateable = "true"
		Debug.AspNetCompiler.ForceOverwrite = "true"
		Debug.AspNetCompiler.FixedNames = "false"
		Debug.AspNetCompiler.Debug = "True"
		Release.AspNetCompiler.VirtualPath = "/localhost_64164"
		Release.AspNetCompiler.PhysicalPath = "Lab02\"
		Release.AspNetCompiler.TargetPath = "PrecompiledWeb\localhost_64164\"
		Release.AspNetCompiler.Updateable = "true"
		Release.AspNetCompiler.ForceOverwrite = "true"
		Release.AspNetCompiler.FixedNames = "false"
		Release.AspNetCompiler.Debug = "False"
		VWDPort = "64164"
		SlnRelativePath = "Lab02\"
		DefaultWebSiteLanguage = "Visual C#"
	EndProjectSection
EndProject
Global
	GlobalSection(SolutionConfigurationPlatforms) = preSolution
		Debug|Any CPU = Debug|Any CPU
	EndGlobalSection
	GlobalSection(ProjectConfigurationPlatforms) = postSolution
		{057F6BD8-9166-4207-8998-3E1ACE3FA465}.Debug|Any CPU.ActiveCfg = Debug|Any CPU
		{057F6BD8-9166-4207-8998-3E1ACE3FA465}.Debug|Any CPU.Build.0 = Debug|Any CPU
	EndGlobalSection
	GlobalSection(SolutionProperties) = preSolution
		HideSolutionNode = FALSE
	EndGlobalSection
	GlobalSection(ExtensibilityGlobals) = postSolution
		SolutionGuid = {3068D637-618B-4BAA-93CE-57C727595867}
	EndGlobalSection
EndGlobal
