
Microsoft Visual Studio Solution File, Format Version 12.00
# Visual Studio 15
VisualStudioVersion = 15.0.28307.489
MinimumVisualStudioVersion = 10.0.40219.1
Project("{FAE04EC0-301F-11D3-BF4B-00C04F79EFBC}") = "UI.Desktop", "UI.Desktop\UI.Desktop.csproj", "{4C8A3CB8-7ADA-443B-BC31-775563652FD0}"
EndProject
Project("{FAE04EC0-301F-11D3-BF4B-00C04F79EFBC}") = "Business.Logic", "Business.Logic\Business.Logic.csproj", "{33869E6D-473F-49C8-A4FF-D6F7BCC54BFB}"
EndProject
Project("{FAE04EC0-301F-11D3-BF4B-00C04F79EFBC}") = "Business.Entities", "Business.Entities\Business.Entities.csproj", "{29EA6730-600D-48D9-A35C-3E388EA5ACDF}"
EndProject
Project("{FAE04EC0-301F-11D3-BF4B-00C04F79EFBC}") = "Util", "Util\Util.csproj", "{5CCCEA29-8B17-4EA2-83EC-6EC2B5290D92}"
EndProject
Project("{FAE04EC0-301F-11D3-BF4B-00C04F79EFBC}") = "UI.Web", "UI.Web\UI.Web.csproj", "{8FF3C6BD-3F29-416C-B768-FE3195FA4E7D}"
EndProject
Project("{FAE04EC0-301F-11D3-BF4B-00C04F79EFBC}") = "UI.Consola", "UI.Consola\UI.Consola.csproj", "{15D97D5C-130A-4FA1-B319-6D296AB4A847}"
EndProject
Project("{FAE04EC0-301F-11D3-BF4B-00C04F79EFBC}") = "Data.Database", "Data.Database\Data.Database.csproj", "{18D1C50F-58E0-4D94-B05B-4A95A146E6BB}"
EndProject
Global
	GlobalSection(SolutionConfigurationPlatforms) = preSolution
		Debug|Any CPU = Debug|Any CPU
		Release|Any CPU = Release|Any CPU
	EndGlobalSection
	GlobalSection(ProjectConfigurationPlatforms) = postSolution
		{4C8A3CB8-7ADA-443B-BC31-775563652FD0}.Debug|Any CPU.ActiveCfg = Debug|Any CPU
		{4C8A3CB8-7ADA-443B-BC31-775563652FD0}.Debug|Any CPU.Build.0 = Debug|Any CPU
		{4C8A3CB8-7ADA-443B-BC31-775563652FD0}.Release|Any CPU.ActiveCfg = Release|Any CPU
		{4C8A3CB8-7ADA-443B-BC31-775563652FD0}.Release|Any CPU.Build.0 = Release|Any CPU
		{33869E6D-473F-49C8-A4FF-D6F7BCC54BFB}.Debug|Any CPU.ActiveCfg = Debug|Any CPU
		{33869E6D-473F-49C8-A4FF-D6F7BCC54BFB}.Debug|Any CPU.Build.0 = Debug|Any CPU
		{33869E6D-473F-49C8-A4FF-D6F7BCC54BFB}.Release|Any CPU.ActiveCfg = Release|Any CPU
		{33869E6D-473F-49C8-A4FF-D6F7BCC54BFB}.Release|Any CPU.Build.0 = Release|Any CPU
		{29EA6730-600D-48D9-A35C-3E388EA5ACDF}.Debug|Any CPU.ActiveCfg = Debug|Any CPU
		{29EA6730-600D-48D9-A35C-3E388EA5ACDF}.Debug|Any CPU.Build.0 = Debug|Any CPU
		{29EA6730-600D-48D9-A35C-3E388EA5ACDF}.Release|Any CPU.ActiveCfg = Release|Any CPU
		{29EA6730-600D-48D9-A35C-3E388EA5ACDF}.Release|Any CPU.Build.0 = Release|Any CPU
		{5CCCEA29-8B17-4EA2-83EC-6EC2B5290D92}.Debug|Any CPU.ActiveCfg = Debug|Any CPU
		{5CCCEA29-8B17-4EA2-83EC-6EC2B5290D92}.Debug|Any CPU.Build.0 = Debug|Any CPU
		{5CCCEA29-8B17-4EA2-83EC-6EC2B5290D92}.Release|Any CPU.ActiveCfg = Release|Any CPU
		{5CCCEA29-8B17-4EA2-83EC-6EC2B5290D92}.Release|Any CPU.Build.0 = Release|Any CPU
		{8FF3C6BD-3F29-416C-B768-FE3195FA4E7D}.Debug|Any CPU.ActiveCfg = Debug|Any CPU
		{8FF3C6BD-3F29-416C-B768-FE3195FA4E7D}.Debug|Any CPU.Build.0 = Debug|Any CPU
		{8FF3C6BD-3F29-416C-B768-FE3195FA4E7D}.Release|Any CPU.ActiveCfg = Release|Any CPU
		{8FF3C6BD-3F29-416C-B768-FE3195FA4E7D}.Release|Any CPU.Build.0 = Release|Any CPU
		{15D97D5C-130A-4FA1-B319-6D296AB4A847}.Debug|Any CPU.ActiveCfg = Debug|Any CPU
		{15D97D5C-130A-4FA1-B319-6D296AB4A847}.Debug|Any CPU.Build.0 = Debug|Any CPU
		{15D97D5C-130A-4FA1-B319-6D296AB4A847}.Release|Any CPU.ActiveCfg = Release|Any CPU
		{15D97D5C-130A-4FA1-B319-6D296AB4A847}.Release|Any CPU.Build.0 = Release|Any CPU
		{18D1C50F-58E0-4D94-B05B-4A95A146E6BB}.Debug|Any CPU.ActiveCfg = Debug|Any CPU
		{18D1C50F-58E0-4D94-B05B-4A95A146E6BB}.Debug|Any CPU.Build.0 = Debug|Any CPU
		{18D1C50F-58E0-4D94-B05B-4A95A146E6BB}.Release|Any CPU.ActiveCfg = Release|Any CPU
		{18D1C50F-58E0-4D94-B05B-4A95A146E6BB}.Release|Any CPU.Build.0 = Release|Any CPU
	EndGlobalSection
	GlobalSection(SolutionProperties) = preSolution
		HideSolutionNode = FALSE
	EndGlobalSection
	GlobalSection(ExtensibilityGlobals) = postSolution
		SolutionGuid = {D715B413-7FE9-424F-A29B-C4DCF410008D}
	EndGlobalSection
EndGlobal
