
Microsoft Visual Studio Solution File, Format Version 12.00
# Visual Studio 15
VisualStudioVersion = 15.0.28307.489
MinimumVisualStudioVersion = 10.0.40219.1
Project("{FAE04EC0-301F-11D3-BF4B-00C04F79EFBC}") = "Lab02", "Lab02\Lab02.csproj", "{F994B401-1642-4D92-9C4D-05A8A0062D52}"
EndProject
Global
	GlobalSection(SolutionConfigurationPlatforms) = preSolution
		Debug|Any CPU = Debug|Any CPU
		Release|Any CPU = Release|Any CPU
	EndGlobalSection
	GlobalSection(ProjectConfigurationPlatforms) = postSolution
		{F994B401-1642-4D92-9C4D-05A8A0062D52}.Debug|Any CPU.ActiveCfg = Debug|Any CPU
		{F994B401-1642-4D92-9C4D-05A8A0062D52}.Debug|Any CPU.Build.0 = Debug|Any CPU
		{F994B401-1642-4D92-9C4D-05A8A0062D52}.Release|Any CPU.ActiveCfg = Release|Any CPU
		{F994B401-1642-4D92-9C4D-05A8A0062D52}.Release|Any CPU.Build.0 = Release|Any CPU
	EndGlobalSection
	GlobalSection(SolutionProperties) = preSolution
		HideSolutionNode = FALSE
	EndGlobalSection
	GlobalSection(ExtensibilityGlobals) = postSolution
		SolutionGuid = {657B8CFC-EB88-48C6-B6D9-8151D751A7BB}
	EndGlobalSection
EndGlobal
