
Microsoft Visual Studio Solution File, Format Version 12.00
# Visual Studio 15
VisualStudioVersion = 15.0.28307.489
MinimumVisualStudioVersion = 10.0.40219.1
Project("{E24C65DC-7377-472B-9ABA-BC803B73C61A}") = "LabABM", "LabABM\", "{F6182C27-3ED1-465C-BAF0-4C6C3C6D9246}"
	ProjectSection(WebsiteProperties) = preProject
		TargetFrameworkMoniker = ".NETFramework,Version%3Dv4.6.1"
		ProjectReferences = "{502f1982-2f65-4cef-a3a3-2be52bd818d4}|Negocio.dll;"
		Debug.AspNetCompiler.VirtualPath = "/localhost_61141"
		Debug.AspNetCompiler.PhysicalPath = "LabABM\"
		Debug.AspNetCompiler.TargetPath = "PrecompiledWeb\localhost_61141\"
		Debug.AspNetCompiler.Updateable = "true"
		Debug.AspNetCompiler.ForceOverwrite = "true"
		Debug.AspNetCompiler.FixedNames = "false"
		Debug.AspNetCompiler.Debug = "True"
		Release.AspNetCompiler.VirtualPath = "/localhost_61141"
		Release.AspNetCompiler.PhysicalPath = "LabABM\"
		Release.AspNetCompiler.TargetPath = "PrecompiledWeb\localhost_61141\"
		Release.AspNetCompiler.Updateable = "true"
		Release.AspNetCompiler.ForceOverwrite = "true"
		Release.AspNetCompiler.FixedNames = "false"
		Release.AspNetCompiler.Debug = "False"
		VWDPort = "61141"
		SlnRelativePath = "LabABM\"
		DefaultWebSiteLanguage = "Visual C#"
	EndProjectSection
EndProject
Project("{FAE04EC0-301F-11D3-BF4B-00C04F79EFBC}") = "Negocio", "Negocio\Negocio.csproj", "{502F1982-2F65-4CEF-A3A3-2BE52BD818D4}"
EndProject
Global
	GlobalSection(SolutionConfigurationPlatforms) = preSolution
		Debug|Any CPU = Debug|Any CPU
		Release|Any CPU = Release|Any CPU
	EndGlobalSection
	GlobalSection(ProjectConfigurationPlatforms) = postSolution
		{F6182C27-3ED1-465C-BAF0-4C6C3C6D9246}.Debug|Any CPU.ActiveCfg = Debug|Any CPU
		{F6182C27-3ED1-465C-BAF0-4C6C3C6D9246}.Debug|Any CPU.Build.0 = Debug|Any CPU
		{F6182C27-3ED1-465C-BAF0-4C6C3C6D9246}.Release|Any CPU.ActiveCfg = Debug|Any CPU
		{F6182C27-3ED1-465C-BAF0-4C6C3C6D9246}.Release|Any CPU.Build.0 = Debug|Any CPU
		{502F1982-2F65-4CEF-A3A3-2BE52BD818D4}.Debug|Any CPU.ActiveCfg = Debug|Any CPU
		{502F1982-2F65-4CEF-A3A3-2BE52BD818D4}.Debug|Any CPU.Build.0 = Debug|Any CPU
		{502F1982-2F65-4CEF-A3A3-2BE52BD818D4}.Release|Any CPU.ActiveCfg = Release|Any CPU
		{502F1982-2F65-4CEF-A3A3-2BE52BD818D4}.Release|Any CPU.Build.0 = Release|Any CPU
	EndGlobalSection
	GlobalSection(SolutionProperties) = preSolution
		HideSolutionNode = FALSE
	EndGlobalSection
	GlobalSection(ExtensibilityGlobals) = postSolution
		SolutionGuid = {FA01588B-588A-4280-95F2-EC3ED2AC0B4E}
	EndGlobalSection
EndGlobal
