
Microsoft Visual Studio Solution File, Format Version 12.00
# Visual Studio 15
VisualStudioVersion = 15.0.28307.489
MinimumVisualStudioVersion = 10.0.40219.1
Project("{FAE04EC0-301F-11D3-BF4B-00C04F79EFBC}") = "LabClases2", "LabClases2\LabClases2.csproj", "{4656BE0B-AE78-4DBE-B6E5-4DCC2E33ED77}"
EndProject
Project("{FAE04EC0-301F-11D3-BF4B-00C04F79EFBC}") = "Clases", "Clases\Clases.csproj", "{538A3197-680D-4F5A-B1C4-202588711144}"
EndProject
Global
	GlobalSection(SolutionConfigurationPlatforms) = preSolution
		Debug|Any CPU = Debug|Any CPU
		Release|Any CPU = Release|Any CPU
	EndGlobalSection
	GlobalSection(ProjectConfigurationPlatforms) = postSolution
		{4656BE0B-AE78-4DBE-B6E5-4DCC2E33ED77}.Debug|Any CPU.ActiveCfg = Debug|Any CPU
		{4656BE0B-AE78-4DBE-B6E5-4DCC2E33ED77}.Debug|Any CPU.Build.0 = Debug|Any CPU
		{4656BE0B-AE78-4DBE-B6E5-4DCC2E33ED77}.Release|Any CPU.ActiveCfg = Release|Any CPU
		{4656BE0B-AE78-4DBE-B6E5-4DCC2E33ED77}.Release|Any CPU.Build.0 = Release|Any CPU
		{538A3197-680D-4F5A-B1C4-202588711144}.Debug|Any CPU.ActiveCfg = Debug|Any CPU
		{538A3197-680D-4F5A-B1C4-202588711144}.Debug|Any CPU.Build.0 = Debug|Any CPU
		{538A3197-680D-4F5A-B1C4-202588711144}.Release|Any CPU.ActiveCfg = Release|Any CPU
		{538A3197-680D-4F5A-B1C4-202588711144}.Release|Any CPU.Build.0 = Release|Any CPU
	EndGlobalSection
	GlobalSection(SolutionProperties) = preSolution
		HideSolutionNode = FALSE
	EndGlobalSection
	GlobalSection(ExtensibilityGlobals) = postSolution
		SolutionGuid = {41D13600-BC68-40A5-9FF1-A45535B04822}
	EndGlobalSection
EndGlobal
