
Microsoft Visual Studio Solution File, Format Version 12.00
# Visual Studio 15
VisualStudioVersion = 15.0.28307.489
MinimumVisualStudioVersion = 10.0.40219.1
Project("{FAE04EC0-301F-11D3-BF4B-00C04F79EFBC}") = "formListaUsuarios", "formListaUsuarios\formListaUsuarios.csproj", "{A1736CD6-F011-46E3-8A32-1878DEB4F46A}"
EndProject
Project("{FAE04EC0-301F-11D3-BF4B-00C04F79EFBC}") = "Negocio", "Negocio\Negocio.csproj", "{D718745E-1EB3-4F05-80B3-B056AC111BBF}"
EndProject
Global
	GlobalSection(SolutionConfigurationPlatforms) = preSolution
		Debug|Any CPU = Debug|Any CPU
		Release|Any CPU = Release|Any CPU
	EndGlobalSection
	GlobalSection(ProjectConfigurationPlatforms) = postSolution
		{A1736CD6-F011-46E3-8A32-1878DEB4F46A}.Debug|Any CPU.ActiveCfg = Debug|Any CPU
		{A1736CD6-F011-46E3-8A32-1878DEB4F46A}.Debug|Any CPU.Build.0 = Debug|Any CPU
		{A1736CD6-F011-46E3-8A32-1878DEB4F46A}.Release|Any CPU.ActiveCfg = Release|Any CPU
		{A1736CD6-F011-46E3-8A32-1878DEB4F46A}.Release|Any CPU.Build.0 = Release|Any CPU
		{D718745E-1EB3-4F05-80B3-B056AC111BBF}.Debug|Any CPU.ActiveCfg = Debug|Any CPU
		{D718745E-1EB3-4F05-80B3-B056AC111BBF}.Debug|Any CPU.Build.0 = Debug|Any CPU
		{D718745E-1EB3-4F05-80B3-B056AC111BBF}.Release|Any CPU.ActiveCfg = Release|Any CPU
		{D718745E-1EB3-4F05-80B3-B056AC111BBF}.Release|Any CPU.Build.0 = Release|Any CPU
	EndGlobalSection
	GlobalSection(SolutionProperties) = preSolution
		HideSolutionNode = FALSE
	EndGlobalSection
	GlobalSection(ExtensibilityGlobals) = postSolution
		SolutionGuid = {72CA2BFE-7E3F-490E-82AD-CE6336848555}
	EndGlobalSection
EndGlobal
