
Microsoft Visual Studio Solution File, Format Version 12.00
# Visual Studio 15
VisualStudioVersion = 15.0.28307.489
MinimumVisualStudioVersion = 10.0.40219.1
Project("{FAE04EC0-301F-11D3-BF4B-00C04F79EFBC}") = "LabSintaxis2", "LabSintaxis2\LabSintaxis2.csproj", "{26B4FFF5-9FD8-4863-ACF8-700BA5544E5D}"
EndProject
Global
	GlobalSection(SolutionConfigurationPlatforms) = preSolution
		Debug|Any CPU = Debug|Any CPU
		Release|Any CPU = Release|Any CPU
	EndGlobalSection
	GlobalSection(ProjectConfigurationPlatforms) = postSolution
		{26B4FFF5-9FD8-4863-ACF8-700BA5544E5D}.Debug|Any CPU.ActiveCfg = Debug|Any CPU
		{26B4FFF5-9FD8-4863-ACF8-700BA5544E5D}.Debug|Any CPU.Build.0 = Debug|Any CPU
		{26B4FFF5-9FD8-4863-ACF8-700BA5544E5D}.Release|Any CPU.ActiveCfg = Release|Any CPU
		{26B4FFF5-9FD8-4863-ACF8-700BA5544E5D}.Release|Any CPU.Build.0 = Release|Any CPU
	EndGlobalSection
	GlobalSection(SolutionProperties) = preSolution
		HideSolutionNode = FALSE
	EndGlobalSection
	GlobalSection(ExtensibilityGlobals) = postSolution
		SolutionGuid = {4F33E14E-E6B8-4023-B4CE-013FCE9ECF21}
	EndGlobalSection
EndGlobal
